
Microsoft Visual Studio Solution File, Format Version 12.00
# Visual Studio Version 16
VisualStudioVersion = 16.0.31409.214
MinimumVisualStudioVersion = 10.0.40219.1
Project("{FAE04EC0-301F-11D3-BF4B-00C04F79EFBC}") = "CodeSpacesNET", "CodeSpacesNET\CodeSpacesNET.csproj", "{AF35865D-47F7-42FE-9D67-4F885852DAE7}"
EndProject
Global
	GlobalSection(SolutionConfigurationPlatforms) = preSolution
		Debug|Any CPU = Debug|Any CPU
		Release|Any CPU = Release|Any CPU
	EndGlobalSection
	GlobalSection(ProjectConfigurationPlatforms) = postSolution
		{AF35865D-47F7-42FE-9D67-4F885852DAE7}.Debug|Any CPU.ActiveCfg = Debug|Any CPU
		{AF35865D-47F7-42FE-9D67-4F885852DAE7}.Debug|Any CPU.Build.0 = Debug|Any CPU
		{AF35865D-47F7-42FE-9D67-4F885852DAE7}.Release|Any CPU.ActiveCfg = Release|Any CPU
		{AF35865D-47F7-42FE-9D67-4F885852DAE7}.Release|Any CPU.Build.0 = Release|Any CPU
	EndGlobalSection
	GlobalSection(SolutionProperties) = preSolution
		HideSolutionNode = FALSE
	EndGlobalSection
	GlobalSection(ExtensibilityGlobals) = postSolution
		SolutionGuid = {207D8AA2-9FE8-4042-B026-A5A6DE302F0A}
	EndGlobalSection
EndGlobal
